# This file is automatically @generated by Cargo.
# It is not intended for manual editing.
version = 4

[[package]]
name = "nexus-abi"
version = "0.1.0"

[[package]]
name = "nexus-boot"
version = "0.1.0"
dependencies = [
 "nexus-abi",
]

[[package]]
name = "nexus-client"
version = "0.1.0"
dependencies = [
 "nexus-ui",
 "nexus-user",
]

[[package]]
name = "nexus-compositor"
version = "0.1.0"
dependencies = [
 "nexus-user",
]

[[package]]
name = "nexus-font"
version = "0.1.0"

[[package]]
name = "nexus-hello"
version = "0.1.0"
dependencies = [
 "nexus-user",
]

[[package]]
name = "nexus-i18n"
version = "0.1.0"

[[package]]
name = "nexus-idle"
version = "0.1.0"
dependencies = [
 "nexus-user",
]

[[package]]
name = "nexus-init"
version = "0.1.0"
dependencies = [
 "nexus-user",
]

[[package]]
name = "nexus-install"
version = "0.1.0"
dependencies = [
 "nexus-pkg",
 "nexus-user",
]

[[package]]
name = "nexus-kernel"
version = "0.1.0"
dependencies = [
 "nexus-abi",
 "nexus-font",
 "nexus-i18n",
 "nexus-mm",
 "nexus-net",
]

[[package]]
name = "nexus-mm"
version = "0.1.0"
dependencies = [
 "nexus-abi",
]

[[package]]
name = "nexus-net"
version = "0.1.0"

[[package]]
name = "nexus-pack"
version = "0.1.0"
dependencies = [
 "nexus-pkg",
]

[[package]]
name = "nexus-pkg"
version = "0.1.0"

[[package]]
name = "nexus-shell"
version = "0.1.0"
dependencies = [
 "nexus-i18n",
 "nexus-ui",
 "nexus-user",
]

[[package]]
name = "nexus-ui"
version = "0.1.0"
dependencies = [
 "nexus-font",
]

[[package]]
name = "nexus-user"
version = "0.1.0"
dependencies = [
 "nexus-mm",
]
