# This file is automatically @generated by Cargo.
# It is not intended for manual editing.
version = 4

[[package]]
name = "nexus-abi"
version = "0.1.0"

[[package]]
name = "nexus-boot"
version = "0.1.0"
dependencies = [
 "nexus-abi",
]

[[package]]
name = "nexus-kernel"
version = "0.1.0"
dependencies = [
 "nexus-abi",
 "nexus-mm",
]

[[package]]
name = "nexus-mm"
version = "0.1.0"
dependencies = [
 "nexus-abi",
]
